schema: '2.0'
stages:
  get_data:
    cmd: python scripts/data.py
    deps:
    - path: scripts/data.py
      hash: md5
      md5: 9a6e61b6e3b7425869a5b1819710add3
      size: 1493
    params:
      params.yaml:
        index_col: customer_id
    outs:
    - path: data/initial_data.csv
      hash: md5
      md5: 9a0a4703ea97ca6be3408aeca8015886
      size: 820789
  fit_model:
    cmd: python scripts/fit.py
    deps:
    - path: data/initial_data.csv
      hash: md5
      md5: 9a0a4703ea97ca6be3408aeca8015886
      size: 820789
    - path: scripts/fit.py
      hash: md5
      md5: fe7648e85c06b7de498bf81dd68418df
      size: 2554
    params:
      params.yaml:
        auto_class_weights: Balanced
        c: 1
        index_col: customer_id
        one_hot_drop: if_binary
        penalty: l2
        target_col: target
    outs:
    - path: models/fitted_model.pkl
      hash: md5
      md5: 3f03978683284fed2c5d9577d91b907f
      size: 5510
  evaluate_model:
    cmd: python scripts/evaluate.py
    deps:
    - path: models/fitted_model.pkl
      hash: md5
      md5: 3f03978683284fed2c5d9577d91b907f
      size: 5510
    - path: scripts/evaluate.py
      hash: md5
      md5: e9a1dd966133511da900b67ddba73d01
      size: 1412
    params:
      params.yaml:
        index_col: customer_id
        metrics:
        - f1
        - roc_auc
        n_jobs: -1
        n_splits: 5
        target_col: target
    outs:
    - path: cv_results/cv_res.json
      hash: md5
      md5: 670646b4878d1f79fd5b777c74fb8c35
      size: 77
